{
  "originHash" : "d5e329b3533c7c6ab2db31e3db14fdca71d7a10ded94a105bd2724214144cfaf",
  "pins" : [
    {
      "identity" : "easynet",
      "kind" : "remoteSourceControl",
      "location" : "https://github.com/rezaulislamtarek/EasyNet.git",
      "state" : {
        "branch" : "main",
        "revision" : "0818ece60e0cb3d7c23c078646aa55ad5f4603bf"
      }
    },
    {
      "identity" : "factory",
      "kind" : "remoteSourceControl",
      "location" : "https://github.com/hmlongco/Factory.git",
      "state" : {
        "revision" : "ccc898f21992ebc130bc04cc197460a5ae230bcf",
        "version" : "2.5.3"
      }
    },
    {
      "identity" : "uipilot",
      "kind" : "remoteSourceControl",
      "location" : "https://github.com/canopas/UIPilot.git",
      "state" : {
        "revision" : "33b8123dd1e68d861d0cfce27879d5ff1755fd21",
        "version" : "2.0.2"
      }
    }
  ],
  "version" : 3
}
