{
  "originHash" : "b63b2cec8c85918f64338d3c9d76f3d0a8a722ecbec78e2dfee96c21e9e74c03",
  "pins" : [
    {
      "identity" : "easynet",
      "kind" : "remoteSourceControl",
      "location" : "https://github.com/rezaulislamtarek/EasyNet.git",
      "state" : {
        "branch" : "main",
        "revision" : "0818ece60e0cb3d7c23c078646aa55ad5f4603bf"
      }
    },
    {
      "identity" : "factory",
      "kind" : "remoteSourceControl",
      "location" : "https://github.com/hmlongco/Factory.git",
      "state" : {
        "revision" : "ccc898f21992ebc130bc04cc197460a5ae230bcf",
        "version" : "2.5.3"
      }
    },
    {
      "identity" : "lottie-spm",
      "kind" : "remoteSourceControl",
      "location" : "https://github.com/airbnb/lottie-spm.git",
      "state" : {
        "revision" : "04f2fd18cc9404a0a0917265a449002674f24ec9",
        "version" : "4.5.2"
      }
    },
    {
      "identity" : "realm-core",
      "kind" : "remoteSourceControl",
      "location" : "https://github.com/realm/realm-core.git",
      "state" : {
        "revision" : "cccb3ca9e26ec452a29f2f0d4050d1e38b8a3d43",
        "version" : "14.14.0"
      }
    },
    {
      "identity" : "realm-swift",
      "kind" : "remoteSourceControl",
      "location" : "https://github.com/realm/realm-swift.git",
      "state" : {
        "branch" : "master",
        "revision" : "5fcba6408c99eb3596bf5ae148bfc1a33b5adebd"
      }
    },
    {
      "identity" : "uipilot",
      "kind" : "remoteSourceControl",
      "location" : "https://github.com/canopas/UIPilot.git",
      "state" : {
        "revision" : "33b8123dd1e68d861d0cfce27879d5ff1755fd21",
        "version" : "2.0.2"
      }
    }
  ],
  "version" : 3
}
