{
  "originHash" : "f63f625882d4d8b44116008bdc288375c6df637b0ef23708070fdce308d00b9e",
  "pins" : [
    {
      "identity" : "uipilot",
      "kind" : "remoteSourceControl",
      "location" : "https://github.com/canopas/UIPilot.git",
      "state" : {
        "revision" : "33b8123dd1e68d861d0cfce27879d5ff1755fd21",
        "version" : "2.0.2"
      }
    }
  ],
  "version" : 3
}
